
Microsoft Visual Studio Solution File, Format Version 12.00
# Visual Studio Version 17
VisualStudioVersion = 17.0.32014.148
MinimumVisualStudioVersion = 10.0.40219.1
Project("{9A19103F-16F7-4668-BE54-9A1E7A4F7556}") = "Pruebas", "Pruebas\Pruebas.csproj", "{21D9C52B-399C-4E87-AAA6-35477371FD5E}"
EndProject
Project("{2150E333-8FDC-42A3-9474-1A3956D46DE8}") = "Source", "Source", "{5FDC7848-1E27-4607-A8F8-8E88F37DDAC2}"
EndProject
Project("{2150E333-8FDC-42A3-9474-1A3956D46DE8}") = "Core", "Core", "{B50251AC-C0BA-4F83-A407-F3876044CD60}"
EndProject
Project("{2150E333-8FDC-42A3-9474-1A3956D46DE8}") = "Infrastructure", "Infrastructure", "{AB9C9CC0-DF62-4265-BE9C-94555960ADA4}"
EndProject
Project("{2150E333-8FDC-42A3-9474-1A3956D46DE8}") = "Apps", "Apps", "{BFDA4940-5399-4634-9FF8-52A3732EDDB2}"
EndProject
Project("{54A90642-561A-4BB1-A94E-469ADEE60C69}") = "FrontEnd", "Front End\FrontEnd.esproj", "{34A4E5A9-C143-47AF-ABFA-0A109B968192}"
EndProject
Project("{9A19103F-16F7-4668-BE54-9A1E7A4F7556}") = "DealNotifier.Core.Application", "DealNotifier.Core.Application\DealNotifier.Core.Application.csproj", "{8D7A3CC1-F1E3-4063-909E-53BBE68BCE65}"
EndProject
Project("{9A19103F-16F7-4668-BE54-9A1E7A4F7556}") = "DealNotifier.Core.Domain", "DealNotifier.Core.Domain\DealNotifier.Core.Domain.csproj", "{DB6FEC90-BC30-4DB8-BEF5-A1B9151AA25A}"
EndProject
Project("{9A19103F-16F7-4668-BE54-9A1E7A4F7556}") = "WebApi", "WebApi\WebApi.csproj", "{1D2E3344-965C-46B9-A4EC-D572304BD691}"
EndProject
Project("{9A19103F-16F7-4668-BE54-9A1E7A4F7556}") = "DealNotifier.Infrastructure.Email", "DealNotifier.Infrastructure.Email\DealNotifier.Infrastructure.Email.csproj", "{DA3387A2-25BA-47AF-88B6-F26FA20BE13A}"
EndProject
Project("{9A19103F-16F7-4668-BE54-9A1E7A4F7556}") = "DealNotifier.Infrastructure.Identity", "DealNotifier.Infrastructure.Identity\DealNotifier.Infrastructure.Identity.csproj", "{6D4581DE-B642-447C-8E2D-8DEA3CC13B51}"
EndProject
Project("{9A19103F-16F7-4668-BE54-9A1E7A4F7556}") = "DealNotifier.Infrastructure.Persistence", "DealNotifier.Infrastructure.Persistence\DealNotifier.Infrastructure.Persistence.csproj", "{6331E92F-D45B-4B31-8C01-974A31E7C362}"
EndProject
Project("{2150E333-8FDC-42A3-9474-1A3956D46DE8}") = "WorkerServices", "WorkerServices", "{DB306016-843C-4014-BCA5-F66C63B2EC88}"
EndProject
Project("{9A19103F-16F7-4668-BE54-9A1E7A4F7556}") = "EbayDataSyncWorker", "EbayDataSyncWorker\EbayDataSyncWorker.csproj", "{6EC773C9-1721-430B-A368-2461B74F18CF}"
EndProject
Project("{2150E333-8FDC-42A3-9474-1A3956D46DE8}") = "Solution Items", "Solution Items", "{A134E959-E9C8-44F4-A78E-01C225895136}"
	ProjectSection(SolutionItems) = preProject
		.env = .env
		docker-compose.yml = docker-compose.yml
		Dockerfile.migrations = Dockerfile.migrations
	EndProjectSection
EndProject
Project("{2150E333-8FDC-42A3-9474-1A3956D46DE8}") = "SQL Scripts", "SQL Scripts", "{5FBE1C06-F98B-4987-A951-4158E379B798}"
	ProjectSection(SolutionItems) = preProject
		StoredProcedures.sql = StoredProcedures.sql
	EndProjectSection
EndProject
Project("{9A19103F-16F7-4668-BE54-9A1E7A4F7556}") = "SamkeyDataSyncWorker", "SamkeyDataSyncWorker\SamkeyDataSyncWorker.csproj", "{960A8654-0634-48D7-82D0-C532EEE286E6}"
EndProject
Project("{9A19103F-16F7-4668-BE54-9A1E7A4F7556}") = "T-UnlockDataSyncWorker", "T-UnlockDataSyncWorker\T-UnlockDataSyncWorker.csproj", "{33431647-FB09-403A-8CC6-62C8FCD2CBB4}"
EndProject
Global
	GlobalSection(SolutionConfigurationPlatforms) = preSolution
		Debug|Any CPU = Debug|Any CPU
		Debug|x86 = Debug|x86
		Release|Any CPU = Release|Any CPU
		Release|x86 = Release|x86
	EndGlobalSection
	GlobalSection(ProjectConfigurationPlatforms) = postSolution
		{21D9C52B-399C-4E87-AAA6-35477371FD5E}.Debug|Any CPU.ActiveCfg = Debug|Any CPU
		{21D9C52B-399C-4E87-AAA6-35477371FD5E}.Debug|Any CPU.Build.0 = Debug|Any CPU
		{21D9C52B-399C-4E87-AAA6-35477371FD5E}.Debug|x86.ActiveCfg = Debug|Any CPU
		{21D9C52B-399C-4E87-AAA6-35477371FD5E}.Debug|x86.Build.0 = Debug|Any CPU
		{21D9C52B-399C-4E87-AAA6-35477371FD5E}.Release|Any CPU.ActiveCfg = Release|Any CPU
		{21D9C52B-399C-4E87-AAA6-35477371FD5E}.Release|Any CPU.Build.0 = Release|Any CPU
		{21D9C52B-399C-4E87-AAA6-35477371FD5E}.Release|x86.ActiveCfg = Release|Any CPU
		{21D9C52B-399C-4E87-AAA6-35477371FD5E}.Release|x86.Build.0 = Release|Any CPU
		{34A4E5A9-C143-47AF-ABFA-0A109B968192}.Debug|Any CPU.ActiveCfg = Debug|Any CPU
		{34A4E5A9-C143-47AF-ABFA-0A109B968192}.Debug|Any CPU.Build.0 = Debug|Any CPU
		{34A4E5A9-C143-47AF-ABFA-0A109B968192}.Debug|Any CPU.Deploy.0 = Debug|Any CPU
		{34A4E5A9-C143-47AF-ABFA-0A109B968192}.Debug|x86.ActiveCfg = Debug|Any CPU
		{34A4E5A9-C143-47AF-ABFA-0A109B968192}.Debug|x86.Build.0 = Debug|Any CPU
		{34A4E5A9-C143-47AF-ABFA-0A109B968192}.Debug|x86.Deploy.0 = Debug|Any CPU
		{34A4E5A9-C143-47AF-ABFA-0A109B968192}.Release|Any CPU.ActiveCfg = Release|Any CPU
		{34A4E5A9-C143-47AF-ABFA-0A109B968192}.Release|Any CPU.Build.0 = Release|Any CPU
		{34A4E5A9-C143-47AF-ABFA-0A109B968192}.Release|Any CPU.Deploy.0 = Release|Any CPU
		{34A4E5A9-C143-47AF-ABFA-0A109B968192}.Release|x86.ActiveCfg = Release|Any CPU
		{34A4E5A9-C143-47AF-ABFA-0A109B968192}.Release|x86.Build.0 = Release|Any CPU
		{34A4E5A9-C143-47AF-ABFA-0A109B968192}.Release|x86.Deploy.0 = Release|Any CPU
		{8D7A3CC1-F1E3-4063-909E-53BBE68BCE65}.Debug|Any CPU.ActiveCfg = Debug|Any CPU
		{8D7A3CC1-F1E3-4063-909E-53BBE68BCE65}.Debug|Any CPU.Build.0 = Debug|Any CPU
		{8D7A3CC1-F1E3-4063-909E-53BBE68BCE65}.Debug|x86.ActiveCfg = Debug|Any CPU
		{8D7A3CC1-F1E3-4063-909E-53BBE68BCE65}.Debug|x86.Build.0 = Debug|Any CPU
		{8D7A3CC1-F1E3-4063-909E-53BBE68BCE65}.Release|Any CPU.ActiveCfg = Release|Any CPU
		{8D7A3CC1-F1E3-4063-909E-53BBE68BCE65}.Release|Any CPU.Build.0 = Release|Any CPU
		{8D7A3CC1-F1E3-4063-909E-53BBE68BCE65}.Release|x86.ActiveCfg = Release|Any CPU
		{8D7A3CC1-F1E3-4063-909E-53BBE68BCE65}.Release|x86.Build.0 = Release|Any CPU
		{DB6FEC90-BC30-4DB8-BEF5-A1B9151AA25A}.Debug|Any CPU.ActiveCfg = Debug|Any CPU
		{DB6FEC90-BC30-4DB8-BEF5-A1B9151AA25A}.Debug|Any CPU.Build.0 = Debug|Any CPU
		{DB6FEC90-BC30-4DB8-BEF5-A1B9151AA25A}.Debug|x86.ActiveCfg = Debug|Any CPU
		{DB6FEC90-BC30-4DB8-BEF5-A1B9151AA25A}.Debug|x86.Build.0 = Debug|Any CPU
		{DB6FEC90-BC30-4DB8-BEF5-A1B9151AA25A}.Release|Any CPU.ActiveCfg = Release|Any CPU
		{DB6FEC90-BC30-4DB8-BEF5-A1B9151AA25A}.Release|Any CPU.Build.0 = Release|Any CPU
		{DB6FEC90-BC30-4DB8-BEF5-A1B9151AA25A}.Release|x86.ActiveCfg = Release|Any CPU
		{DB6FEC90-BC30-4DB8-BEF5-A1B9151AA25A}.Release|x86.Build.0 = Release|Any CPU
		{1D2E3344-965C-46B9-A4EC-D572304BD691}.Debug|Any CPU.ActiveCfg = Debug|Any CPU
		{1D2E3344-965C-46B9-A4EC-D572304BD691}.Debug|Any CPU.Build.0 = Debug|Any CPU
		{1D2E3344-965C-46B9-A4EC-D572304BD691}.Debug|x86.ActiveCfg = Debug|Any CPU
		{1D2E3344-965C-46B9-A4EC-D572304BD691}.Debug|x86.Build.0 = Debug|Any CPU
		{1D2E3344-965C-46B9-A4EC-D572304BD691}.Release|Any CPU.ActiveCfg = Release|Any CPU
		{1D2E3344-965C-46B9-A4EC-D572304BD691}.Release|Any CPU.Build.0 = Release|Any CPU
		{1D2E3344-965C-46B9-A4EC-D572304BD691}.Release|x86.ActiveCfg = Release|Any CPU
		{1D2E3344-965C-46B9-A4EC-D572304BD691}.Release|x86.Build.0 = Release|Any CPU
		{DA3387A2-25BA-47AF-88B6-F26FA20BE13A}.Debug|Any CPU.ActiveCfg = Debug|Any CPU
		{DA3387A2-25BA-47AF-88B6-F26FA20BE13A}.Debug|Any CPU.Build.0 = Debug|Any CPU
		{DA3387A2-25BA-47AF-88B6-F26FA20BE13A}.Debug|x86.ActiveCfg = Debug|Any CPU
		{DA3387A2-25BA-47AF-88B6-F26FA20BE13A}.Debug|x86.Build.0 = Debug|Any CPU
		{DA3387A2-25BA-47AF-88B6-F26FA20BE13A}.Release|Any CPU.ActiveCfg = Release|Any CPU
		{DA3387A2-25BA-47AF-88B6-F26FA20BE13A}.Release|Any CPU.Build.0 = Release|Any CPU
		{DA3387A2-25BA-47AF-88B6-F26FA20BE13A}.Release|x86.ActiveCfg = Release|Any CPU
		{DA3387A2-25BA-47AF-88B6-F26FA20BE13A}.Release|x86.Build.0 = Release|Any CPU
		{6D4581DE-B642-447C-8E2D-8DEA3CC13B51}.Debug|Any CPU.ActiveCfg = Debug|Any CPU
		{6D4581DE-B642-447C-8E2D-8DEA3CC13B51}.Debug|Any CPU.Build.0 = Debug|Any CPU
		{6D4581DE-B642-447C-8E2D-8DEA3CC13B51}.Debug|x86.ActiveCfg = Debug|Any CPU
		{6D4581DE-B642-447C-8E2D-8DEA3CC13B51}.Debug|x86.Build.0 = Debug|Any CPU
		{6D4581DE-B642-447C-8E2D-8DEA3CC13B51}.Release|Any CPU.ActiveCfg = Release|Any CPU
		{6D4581DE-B642-447C-8E2D-8DEA3CC13B51}.Release|Any CPU.Build.0 = Release|Any CPU
		{6D4581DE-B642-447C-8E2D-8DEA3CC13B51}.Release|x86.ActiveCfg = Release|Any CPU
		{6D4581DE-B642-447C-8E2D-8DEA3CC13B51}.Release|x86.Build.0 = Release|Any CPU
		{6331E92F-D45B-4B31-8C01-974A31E7C362}.Debug|Any CPU.ActiveCfg = Debug|Any CPU
		{6331E92F-D45B-4B31-8C01-974A31E7C362}.Debug|Any CPU.Build.0 = Debug|Any CPU
		{6331E92F-D45B-4B31-8C01-974A31E7C362}.Debug|x86.ActiveCfg = Debug|Any CPU
		{6331E92F-D45B-4B31-8C01-974A31E7C362}.Debug|x86.Build.0 = Debug|Any CPU
		{6331E92F-D45B-4B31-8C01-974A31E7C362}.Release|Any CPU.ActiveCfg = Release|Any CPU
		{6331E92F-D45B-4B31-8C01-974A31E7C362}.Release|Any CPU.Build.0 = Release|Any CPU
		{6331E92F-D45B-4B31-8C01-974A31E7C362}.Release|x86.ActiveCfg = Release|Any CPU
		{6331E92F-D45B-4B31-8C01-974A31E7C362}.Release|x86.Build.0 = Release|Any CPU
		{6EC773C9-1721-430B-A368-2461B74F18CF}.Debug|Any CPU.ActiveCfg = Debug|Any CPU
		{6EC773C9-1721-430B-A368-2461B74F18CF}.Debug|Any CPU.Build.0 = Debug|Any CPU
		{6EC773C9-1721-430B-A368-2461B74F18CF}.Debug|x86.ActiveCfg = Debug|Any CPU
		{6EC773C9-1721-430B-A368-2461B74F18CF}.Debug|x86.Build.0 = Debug|Any CPU
		{6EC773C9-1721-430B-A368-2461B74F18CF}.Release|Any CPU.ActiveCfg = Release|Any CPU
		{6EC773C9-1721-430B-A368-2461B74F18CF}.Release|Any CPU.Build.0 = Release|Any CPU
		{6EC773C9-1721-430B-A368-2461B74F18CF}.Release|x86.ActiveCfg = Release|Any CPU
		{6EC773C9-1721-430B-A368-2461B74F18CF}.Release|x86.Build.0 = Release|Any CPU
		{960A8654-0634-48D7-82D0-C532EEE286E6}.Debug|Any CPU.ActiveCfg = Debug|Any CPU
		{960A8654-0634-48D7-82D0-C532EEE286E6}.Debug|Any CPU.Build.0 = Debug|Any CPU
		{960A8654-0634-48D7-82D0-C532EEE286E6}.Debug|x86.ActiveCfg = Debug|Any CPU
		{960A8654-0634-48D7-82D0-C532EEE286E6}.Debug|x86.Build.0 = Debug|Any CPU
		{960A8654-0634-48D7-82D0-C532EEE286E6}.Release|Any CPU.ActiveCfg = Release|Any CPU
		{960A8654-0634-48D7-82D0-C532EEE286E6}.Release|Any CPU.Build.0 = Release|Any CPU
		{960A8654-0634-48D7-82D0-C532EEE286E6}.Release|x86.ActiveCfg = Release|Any CPU
		{960A8654-0634-48D7-82D0-C532EEE286E6}.Release|x86.Build.0 = Release|Any CPU
		{33431647-FB09-403A-8CC6-62C8FCD2CBB4}.Debug|Any CPU.ActiveCfg = Debug|Any CPU
		{33431647-FB09-403A-8CC6-62C8FCD2CBB4}.Debug|Any CPU.Build.0 = Debug|Any CPU
		{33431647-FB09-403A-8CC6-62C8FCD2CBB4}.Debug|x86.ActiveCfg = Debug|Any CPU
		{33431647-FB09-403A-8CC6-62C8FCD2CBB4}.Debug|x86.Build.0 = Debug|Any CPU
		{33431647-FB09-403A-8CC6-62C8FCD2CBB4}.Release|Any CPU.ActiveCfg = Release|Any CPU
		{33431647-FB09-403A-8CC6-62C8FCD2CBB4}.Release|Any CPU.Build.0 = Release|Any CPU
		{33431647-FB09-403A-8CC6-62C8FCD2CBB4}.Release|x86.ActiveCfg = Release|Any CPU
		{33431647-FB09-403A-8CC6-62C8FCD2CBB4}.Release|x86.Build.0 = Release|Any CPU
	EndGlobalSection
	GlobalSection(SolutionProperties) = preSolution
		HideSolutionNode = FALSE
	EndGlobalSection
	GlobalSection(NestedProjects) = preSolution
		{B50251AC-C0BA-4F83-A407-F3876044CD60} = {5FDC7848-1E27-4607-A8F8-8E88F37DDAC2}
		{AB9C9CC0-DF62-4265-BE9C-94555960ADA4} = {5FDC7848-1E27-4607-A8F8-8E88F37DDAC2}
		{BFDA4940-5399-4634-9FF8-52A3732EDDB2} = {5FDC7848-1E27-4607-A8F8-8E88F37DDAC2}
		{34A4E5A9-C143-47AF-ABFA-0A109B968192} = {BFDA4940-5399-4634-9FF8-52A3732EDDB2}
		{8D7A3CC1-F1E3-4063-909E-53BBE68BCE65} = {B50251AC-C0BA-4F83-A407-F3876044CD60}
		{DB6FEC90-BC30-4DB8-BEF5-A1B9151AA25A} = {B50251AC-C0BA-4F83-A407-F3876044CD60}
		{1D2E3344-965C-46B9-A4EC-D572304BD691} = {BFDA4940-5399-4634-9FF8-52A3732EDDB2}
		{DA3387A2-25BA-47AF-88B6-F26FA20BE13A} = {AB9C9CC0-DF62-4265-BE9C-94555960ADA4}
		{6D4581DE-B642-447C-8E2D-8DEA3CC13B51} = {AB9C9CC0-DF62-4265-BE9C-94555960ADA4}
		{6331E92F-D45B-4B31-8C01-974A31E7C362} = {AB9C9CC0-DF62-4265-BE9C-94555960ADA4}
		{DB306016-843C-4014-BCA5-F66C63B2EC88} = {BFDA4940-5399-4634-9FF8-52A3732EDDB2}
		{6EC773C9-1721-430B-A368-2461B74F18CF} = {DB306016-843C-4014-BCA5-F66C63B2EC88}
		{5FBE1C06-F98B-4987-A951-4158E379B798} = {A134E959-E9C8-44F4-A78E-01C225895136}
		{960A8654-0634-48D7-82D0-C532EEE286E6} = {DB306016-843C-4014-BCA5-F66C63B2EC88}
		{33431647-FB09-403A-8CC6-62C8FCD2CBB4} = {DB306016-843C-4014-BCA5-F66C63B2EC88}
	EndGlobalSection
	GlobalSection(ExtensibilityGlobals) = postSolution
		SolutionGuid = {6F7C4828-DCA5-4747-98E6-EBC0C1D2AB62}
	EndGlobalSection
EndGlobal
