
Microsoft Visual Studio Solution File, Format Version 12.00
# Visual Studio Version 17
VisualStudioVersion = 17.0.32014.148
MinimumVisualStudioVersion = 10.0.40219.1
Project("{2150E333-8FDC-42A3-9474-1A3956D46DE8}") = "Infrastructure", "Infrastructure", "{AB9C9CC0-DF62-4265-BE9C-94555960ADA4}"
EndProject
Project("{2150E333-8FDC-42A3-9474-1A3956D46DE8}") = "API", "API", "{BFDA4940-5399-4634-9FF8-52A3732EDDB2}"
EndProject
Project("{9A19103F-16F7-4668-BE54-9A1E7A4F7556}") = "Catalog.Application", "DealNotifier.Core.Application\Catalog.Application.csproj", "{8D7A3CC1-F1E3-4063-909E-53BBE68BCE65}"
EndProject
Project("{9A19103F-16F7-4668-BE54-9A1E7A4F7556}") = "Catalog.Domain", "DealNotifier.Core.Domain\Catalog.Domain.csproj", "{DB6FEC90-BC30-4DB8-BEF5-A1B9151AA25A}"
EndProject
Project("{9A19103F-16F7-4668-BE54-9A1E7A4F7556}") = "Email", "DealNotifier.Infrastructure.Email\Email.csproj", "{DA3387A2-25BA-47AF-88B6-F26FA20BE13A}"
EndProject
Project("{9A19103F-16F7-4668-BE54-9A1E7A4F7556}") = "DealNotifier.Infrastructure.Identity", "DealNotifier.Infrastructure.Identity\DealNotifier.Infrastructure.Identity.csproj", "{6D4581DE-B642-447C-8E2D-8DEA3CC13B51}"
EndProject
Project("{2150E333-8FDC-42A3-9474-1A3956D46DE8}") = "Solution Items", "Solution Items", "{A134E959-E9C8-44F4-A78E-01C225895136}"
	ProjectSection(SolutionItems) = preProject
		.env = .env
		docker-compose.yml = docker-compose.yml
		Dockerfile.migrations = Dockerfile.migrations
		wait-for-it.sh = wait-for-it.sh
	EndProjectSection
EndProject
Project("{2150E333-8FDC-42A3-9474-1A3956D46DE8}") = "SQL Scripts", "SQL Scripts", "{5FBE1C06-F98B-4987-A951-4158E379B798}"
	ProjectSection(SolutionItems) = preProject
		StoredProcedures.sql = StoredProcedures.sql
	EndProjectSection
EndProject
Project("{2150E333-8FDC-42A3-9474-1A3956D46DE8}") = "Presentation", "Presentation", "{56A9F719-BF5B-4449-91BE-B16297B8B86C}"
EndProject
Project("{9A19103F-16F7-4668-BE54-9A1E7A4F7556}") = "DealNotifier.Infrastructure.SamkeyDataSyncWorker", "DealNotifier.Infrastructure.SamkeyDataSyncWorker\DealNotifier.Infrastructure.SamkeyDataSyncWorker.csproj", "{3E3613A3-F626-4DC1-8534-278ED65DD8DE}"
EndProject
Project("{9A19103F-16F7-4668-BE54-9A1E7A4F7556}") = "DealNotifier.Infrastructure.EbayDataSyncWorker", "DealNotifier.Infrastructure.EbayDataSyncWorker\DealNotifier.Infrastructure.EbayDataSyncWorker.csproj", "{EE4DBF68-E603-43FA-AB7D-95AAF3DD2693}"
EndProject
Project("{9A19103F-16F7-4668-BE54-9A1E7A4F7556}") = "DealNotifier.Infrastructure.T-UnlockDataSyncWorker", "DealNotifier.Infrastructure.T-UnlockDataSyncWorker\DealNotifier.Infrastructure.T-UnlockDataSyncWorker.csproj", "{D9042317-73AE-4F3B-96A4-D46C1E229166}"
EndProject
Project("{2150E333-8FDC-42A3-9474-1A3956D46DE8}") = "WorkerServices", "WorkerServices", "{03601DBE-54F5-4342-B34D-6042F4407114}"
EndProject
Project("{9A19103F-16F7-4668-BE54-9A1E7A4F7556}") = "Catalog.Persistence", "DealNotifier.Persistence\Catalog.Persistence.csproj", "{78D886BB-E87A-4A0F-A4C7-EEF34D74C5FE}"
EndProject
Project("{54A90642-561A-4BB1-A94E-469ADEE60C69}") = "DealNotifier.Presentation.FrontEnd", "DealNotifier.Presentation.FrontEnd\DealNotifier.Presentation.FrontEnd.esproj", "{57977988-9468-462B-B970-46C83ACFFE52}"
EndProject
Project("{9A19103F-16F7-4668-BE54-9A1E7A4F7556}") = "DealNotifier.API", "DealNotifier.API\DealNotifier.API.csproj", "{E8BF93EE-B6ED-4FEA-9B2C-70B728B30EC4}"
EndProject
Project("{2150E333-8FDC-42A3-9474-1A3956D46DE8}") = "Old", "Old", "{795E29F9-D25D-4C60-9F1E-B5EB031F2FC9}"
EndProject
Project("{2150E333-8FDC-42A3-9474-1A3956D46DE8}") = "API.Gateways", "API.Gateways", "{B62A9E2D-3D3F-4E46-83E3-4DA97A809D7F}"
EndProject
Project("{2150E333-8FDC-42A3-9474-1A3956D46DE8}") = "Services", "Services", "{4CD52F33-3CB3-45A9-B9AB-2189D9954F11}"
EndProject
Project("{2150E333-8FDC-42A3-9474-1A3956D46DE8}") = "Identity", "Identity", "{292E97AB-8738-4ED6-A619-426E2E648BFF}"
EndProject
Project("{2150E333-8FDC-42A3-9474-1A3956D46DE8}") = "Catalog", "Catalog", "{FC70EADA-EC3B-4956-8EEB-FA9075F2D71B}"
EndProject
Project("{9A19103F-16F7-4668-BE54-9A1E7A4F7556}") = "Catalog.GrpcService", "Catalog.GrpcService\Catalog.GrpcService.csproj", "{4F716C9B-CA03-43A7-970C-C7BA4F9E7324}"
EndProject
Project("{9A19103F-16F7-4668-BE54-9A1E7A4F7556}") = "Identity.GrpcService", "Identity.GrpcService\Identity.GrpcService.csproj", "{7A7EF1A2-A47E-4DD1-AE09-3FAB30CFCD30}"
EndProject
Project("{9A19103F-16F7-4668-BE54-9A1E7A4F7556}") = "Identity.Domain", "Identity.Domain\Identity.Domain.csproj", "{86C2FC6B-50D0-4544-8E96-79756B83A690}"
EndProject
Project("{9A19103F-16F7-4668-BE54-9A1E7A4F7556}") = "Identity.Application", "Identity.Application\Identity.Application.csproj", "{EE339F64-017D-46F6-AEE7-961BDE224E4D}"
EndProject
Project("{9A19103F-16F7-4668-BE54-9A1E7A4F7556}") = "Identity.Persistence", "Identity.Persistence\Identity.Persistence.csproj", "{97990B0A-E740-49EE-B825-1001EC332775}"
EndProject
Project("{2150E333-8FDC-42A3-9474-1A3956D46DE8}") = "Email", "Email", "{F39C27A7-688A-41BE-A145-F1C97D8EF22D}"
EndProject
Project("{9A19103F-16F7-4668-BE54-9A1E7A4F7556}") = "ApiGateway", "ApiGateway\ApiGateway.csproj", "{E8F38BFA-48C0-4B0D-AF70-CBBBD8EE009B}"
EndProject
Global
	GlobalSection(SolutionConfigurationPlatforms) = preSolution
		Debug|Any CPU = Debug|Any CPU
		Debug|x86 = Debug|x86
		Release|Any CPU = Release|Any CPU
		Release|x86 = Release|x86
	EndGlobalSection
	GlobalSection(ProjectConfigurationPlatforms) = postSolution
		{8D7A3CC1-F1E3-4063-909E-53BBE68BCE65}.Debug|Any CPU.ActiveCfg = Debug|Any CPU
		{8D7A3CC1-F1E3-4063-909E-53BBE68BCE65}.Debug|Any CPU.Build.0 = Debug|Any CPU
		{8D7A3CC1-F1E3-4063-909E-53BBE68BCE65}.Debug|x86.ActiveCfg = Debug|Any CPU
		{8D7A3CC1-F1E3-4063-909E-53BBE68BCE65}.Debug|x86.Build.0 = Debug|Any CPU
		{8D7A3CC1-F1E3-4063-909E-53BBE68BCE65}.Release|Any CPU.ActiveCfg = Release|Any CPU
		{8D7A3CC1-F1E3-4063-909E-53BBE68BCE65}.Release|Any CPU.Build.0 = Release|Any CPU
		{8D7A3CC1-F1E3-4063-909E-53BBE68BCE65}.Release|x86.ActiveCfg = Release|Any CPU
		{8D7A3CC1-F1E3-4063-909E-53BBE68BCE65}.Release|x86.Build.0 = Release|Any CPU
		{DB6FEC90-BC30-4DB8-BEF5-A1B9151AA25A}.Debug|Any CPU.ActiveCfg = Debug|Any CPU
		{DB6FEC90-BC30-4DB8-BEF5-A1B9151AA25A}.Debug|Any CPU.Build.0 = Debug|Any CPU
		{DB6FEC90-BC30-4DB8-BEF5-A1B9151AA25A}.Debug|x86.ActiveCfg = Debug|Any CPU
		{DB6FEC90-BC30-4DB8-BEF5-A1B9151AA25A}.Debug|x86.Build.0 = Debug|Any CPU
		{DB6FEC90-BC30-4DB8-BEF5-A1B9151AA25A}.Release|Any CPU.ActiveCfg = Release|Any CPU
		{DB6FEC90-BC30-4DB8-BEF5-A1B9151AA25A}.Release|Any CPU.Build.0 = Release|Any CPU
		{DB6FEC90-BC30-4DB8-BEF5-A1B9151AA25A}.Release|x86.ActiveCfg = Release|Any CPU
		{DB6FEC90-BC30-4DB8-BEF5-A1B9151AA25A}.Release|x86.Build.0 = Release|Any CPU
		{DA3387A2-25BA-47AF-88B6-F26FA20BE13A}.Debug|Any CPU.ActiveCfg = Debug|Any CPU
		{DA3387A2-25BA-47AF-88B6-F26FA20BE13A}.Debug|Any CPU.Build.0 = Debug|Any CPU
		{DA3387A2-25BA-47AF-88B6-F26FA20BE13A}.Debug|x86.ActiveCfg = Debug|Any CPU
		{DA3387A2-25BA-47AF-88B6-F26FA20BE13A}.Debug|x86.Build.0 = Debug|Any CPU
		{DA3387A2-25BA-47AF-88B6-F26FA20BE13A}.Release|Any CPU.ActiveCfg = Release|Any CPU
		{DA3387A2-25BA-47AF-88B6-F26FA20BE13A}.Release|Any CPU.Build.0 = Release|Any CPU
		{DA3387A2-25BA-47AF-88B6-F26FA20BE13A}.Release|x86.ActiveCfg = Release|Any CPU
		{DA3387A2-25BA-47AF-88B6-F26FA20BE13A}.Release|x86.Build.0 = Release|Any CPU
		{6D4581DE-B642-447C-8E2D-8DEA3CC13B51}.Debug|Any CPU.ActiveCfg = Debug|Any CPU
		{6D4581DE-B642-447C-8E2D-8DEA3CC13B51}.Debug|Any CPU.Build.0 = Debug|Any CPU
		{6D4581DE-B642-447C-8E2D-8DEA3CC13B51}.Debug|x86.ActiveCfg = Debug|Any CPU
		{6D4581DE-B642-447C-8E2D-8DEA3CC13B51}.Debug|x86.Build.0 = Debug|Any CPU
		{6D4581DE-B642-447C-8E2D-8DEA3CC13B51}.Release|Any CPU.ActiveCfg = Release|Any CPU
		{6D4581DE-B642-447C-8E2D-8DEA3CC13B51}.Release|Any CPU.Build.0 = Release|Any CPU
		{6D4581DE-B642-447C-8E2D-8DEA3CC13B51}.Release|x86.ActiveCfg = Release|Any CPU
		{6D4581DE-B642-447C-8E2D-8DEA3CC13B51}.Release|x86.Build.0 = Release|Any CPU
		{3E3613A3-F626-4DC1-8534-278ED65DD8DE}.Debug|Any CPU.ActiveCfg = Debug|Any CPU
		{3E3613A3-F626-4DC1-8534-278ED65DD8DE}.Debug|Any CPU.Build.0 = Debug|Any CPU
		{3E3613A3-F626-4DC1-8534-278ED65DD8DE}.Debug|x86.ActiveCfg = Debug|Any CPU
		{3E3613A3-F626-4DC1-8534-278ED65DD8DE}.Debug|x86.Build.0 = Debug|Any CPU
		{3E3613A3-F626-4DC1-8534-278ED65DD8DE}.Release|Any CPU.ActiveCfg = Release|Any CPU
		{3E3613A3-F626-4DC1-8534-278ED65DD8DE}.Release|Any CPU.Build.0 = Release|Any CPU
		{3E3613A3-F626-4DC1-8534-278ED65DD8DE}.Release|x86.ActiveCfg = Release|Any CPU
		{3E3613A3-F626-4DC1-8534-278ED65DD8DE}.Release|x86.Build.0 = Release|Any CPU
		{EE4DBF68-E603-43FA-AB7D-95AAF3DD2693}.Debug|Any CPU.ActiveCfg = Debug|Any CPU
		{EE4DBF68-E603-43FA-AB7D-95AAF3DD2693}.Debug|Any CPU.Build.0 = Debug|Any CPU
		{EE4DBF68-E603-43FA-AB7D-95AAF3DD2693}.Debug|x86.ActiveCfg = Debug|Any CPU
		{EE4DBF68-E603-43FA-AB7D-95AAF3DD2693}.Debug|x86.Build.0 = Debug|Any CPU
		{EE4DBF68-E603-43FA-AB7D-95AAF3DD2693}.Release|Any CPU.ActiveCfg = Release|Any CPU
		{EE4DBF68-E603-43FA-AB7D-95AAF3DD2693}.Release|Any CPU.Build.0 = Release|Any CPU
		{EE4DBF68-E603-43FA-AB7D-95AAF3DD2693}.Release|x86.ActiveCfg = Release|Any CPU
		{EE4DBF68-E603-43FA-AB7D-95AAF3DD2693}.Release|x86.Build.0 = Release|Any CPU
		{D9042317-73AE-4F3B-96A4-D46C1E229166}.Debug|Any CPU.ActiveCfg = Debug|Any CPU
		{D9042317-73AE-4F3B-96A4-D46C1E229166}.Debug|Any CPU.Build.0 = Debug|Any CPU
		{D9042317-73AE-4F3B-96A4-D46C1E229166}.Debug|x86.ActiveCfg = Debug|Any CPU
		{D9042317-73AE-4F3B-96A4-D46C1E229166}.Debug|x86.Build.0 = Debug|Any CPU
		{D9042317-73AE-4F3B-96A4-D46C1E229166}.Release|Any CPU.ActiveCfg = Release|Any CPU
		{D9042317-73AE-4F3B-96A4-D46C1E229166}.Release|Any CPU.Build.0 = Release|Any CPU
		{D9042317-73AE-4F3B-96A4-D46C1E229166}.Release|x86.ActiveCfg = Release|Any CPU
		{D9042317-73AE-4F3B-96A4-D46C1E229166}.Release|x86.Build.0 = Release|Any CPU
		{78D886BB-E87A-4A0F-A4C7-EEF34D74C5FE}.Debug|Any CPU.ActiveCfg = Debug|Any CPU
		{78D886BB-E87A-4A0F-A4C7-EEF34D74C5FE}.Debug|Any CPU.Build.0 = Debug|Any CPU
		{78D886BB-E87A-4A0F-A4C7-EEF34D74C5FE}.Debug|x86.ActiveCfg = Debug|Any CPU
		{78D886BB-E87A-4A0F-A4C7-EEF34D74C5FE}.Debug|x86.Build.0 = Debug|Any CPU
		{78D886BB-E87A-4A0F-A4C7-EEF34D74C5FE}.Release|Any CPU.ActiveCfg = Release|Any CPU
		{78D886BB-E87A-4A0F-A4C7-EEF34D74C5FE}.Release|Any CPU.Build.0 = Release|Any CPU
		{78D886BB-E87A-4A0F-A4C7-EEF34D74C5FE}.Release|x86.ActiveCfg = Release|Any CPU
		{78D886BB-E87A-4A0F-A4C7-EEF34D74C5FE}.Release|x86.Build.0 = Release|Any CPU
		{57977988-9468-462B-B970-46C83ACFFE52}.Debug|Any CPU.ActiveCfg = Debug|Any CPU
		{57977988-9468-462B-B970-46C83ACFFE52}.Debug|Any CPU.Build.0 = Debug|Any CPU
		{57977988-9468-462B-B970-46C83ACFFE52}.Debug|Any CPU.Deploy.0 = Debug|Any CPU
		{57977988-9468-462B-B970-46C83ACFFE52}.Debug|x86.ActiveCfg = Debug|Any CPU
		{57977988-9468-462B-B970-46C83ACFFE52}.Debug|x86.Build.0 = Debug|Any CPU
		{57977988-9468-462B-B970-46C83ACFFE52}.Debug|x86.Deploy.0 = Debug|Any CPU
		{57977988-9468-462B-B970-46C83ACFFE52}.Release|Any CPU.ActiveCfg = Release|Any CPU
		{57977988-9468-462B-B970-46C83ACFFE52}.Release|Any CPU.Build.0 = Release|Any CPU
		{57977988-9468-462B-B970-46C83ACFFE52}.Release|Any CPU.Deploy.0 = Release|Any CPU
		{57977988-9468-462B-B970-46C83ACFFE52}.Release|x86.ActiveCfg = Release|Any CPU
		{57977988-9468-462B-B970-46C83ACFFE52}.Release|x86.Build.0 = Release|Any CPU
		{57977988-9468-462B-B970-46C83ACFFE52}.Release|x86.Deploy.0 = Release|Any CPU
		{E8BF93EE-B6ED-4FEA-9B2C-70B728B30EC4}.Debug|Any CPU.ActiveCfg = Debug|Any CPU
		{E8BF93EE-B6ED-4FEA-9B2C-70B728B30EC4}.Debug|Any CPU.Build.0 = Debug|Any CPU
		{E8BF93EE-B6ED-4FEA-9B2C-70B728B30EC4}.Debug|x86.ActiveCfg = Debug|Any CPU
		{E8BF93EE-B6ED-4FEA-9B2C-70B728B30EC4}.Debug|x86.Build.0 = Debug|Any CPU
		{E8BF93EE-B6ED-4FEA-9B2C-70B728B30EC4}.Release|Any CPU.ActiveCfg = Release|Any CPU
		{E8BF93EE-B6ED-4FEA-9B2C-70B728B30EC4}.Release|Any CPU.Build.0 = Release|Any CPU
		{E8BF93EE-B6ED-4FEA-9B2C-70B728B30EC4}.Release|x86.ActiveCfg = Release|Any CPU
		{E8BF93EE-B6ED-4FEA-9B2C-70B728B30EC4}.Release|x86.Build.0 = Release|Any CPU
		{4F716C9B-CA03-43A7-970C-C7BA4F9E7324}.Debug|Any CPU.ActiveCfg = Debug|Any CPU
		{4F716C9B-CA03-43A7-970C-C7BA4F9E7324}.Debug|Any CPU.Build.0 = Debug|Any CPU
		{4F716C9B-CA03-43A7-970C-C7BA4F9E7324}.Debug|x86.ActiveCfg = Debug|Any CPU
		{4F716C9B-CA03-43A7-970C-C7BA4F9E7324}.Debug|x86.Build.0 = Debug|Any CPU
		{4F716C9B-CA03-43A7-970C-C7BA4F9E7324}.Release|Any CPU.ActiveCfg = Release|Any CPU
		{4F716C9B-CA03-43A7-970C-C7BA4F9E7324}.Release|Any CPU.Build.0 = Release|Any CPU
		{4F716C9B-CA03-43A7-970C-C7BA4F9E7324}.Release|x86.ActiveCfg = Release|Any CPU
		{4F716C9B-CA03-43A7-970C-C7BA4F9E7324}.Release|x86.Build.0 = Release|Any CPU
		{7A7EF1A2-A47E-4DD1-AE09-3FAB30CFCD30}.Debug|Any CPU.ActiveCfg = Debug|Any CPU
		{7A7EF1A2-A47E-4DD1-AE09-3FAB30CFCD30}.Debug|Any CPU.Build.0 = Debug|Any CPU
		{7A7EF1A2-A47E-4DD1-AE09-3FAB30CFCD30}.Debug|x86.ActiveCfg = Debug|Any CPU
		{7A7EF1A2-A47E-4DD1-AE09-3FAB30CFCD30}.Debug|x86.Build.0 = Debug|Any CPU
		{7A7EF1A2-A47E-4DD1-AE09-3FAB30CFCD30}.Release|Any CPU.ActiveCfg = Release|Any CPU
		{7A7EF1A2-A47E-4DD1-AE09-3FAB30CFCD30}.Release|Any CPU.Build.0 = Release|Any CPU
		{7A7EF1A2-A47E-4DD1-AE09-3FAB30CFCD30}.Release|x86.ActiveCfg = Release|Any CPU
		{7A7EF1A2-A47E-4DD1-AE09-3FAB30CFCD30}.Release|x86.Build.0 = Release|Any CPU
		{86C2FC6B-50D0-4544-8E96-79756B83A690}.Debug|Any CPU.ActiveCfg = Debug|Any CPU
		{86C2FC6B-50D0-4544-8E96-79756B83A690}.Debug|Any CPU.Build.0 = Debug|Any CPU
		{86C2FC6B-50D0-4544-8E96-79756B83A690}.Debug|x86.ActiveCfg = Debug|Any CPU
		{86C2FC6B-50D0-4544-8E96-79756B83A690}.Debug|x86.Build.0 = Debug|Any CPU
		{86C2FC6B-50D0-4544-8E96-79756B83A690}.Release|Any CPU.ActiveCfg = Release|Any CPU
		{86C2FC6B-50D0-4544-8E96-79756B83A690}.Release|Any CPU.Build.0 = Release|Any CPU
		{86C2FC6B-50D0-4544-8E96-79756B83A690}.Release|x86.ActiveCfg = Release|Any CPU
		{86C2FC6B-50D0-4544-8E96-79756B83A690}.Release|x86.Build.0 = Release|Any CPU
		{EE339F64-017D-46F6-AEE7-961BDE224E4D}.Debug|Any CPU.ActiveCfg = Debug|Any CPU
		{EE339F64-017D-46F6-AEE7-961BDE224E4D}.Debug|Any CPU.Build.0 = Debug|Any CPU
		{EE339F64-017D-46F6-AEE7-961BDE224E4D}.Debug|x86.ActiveCfg = Debug|Any CPU
		{EE339F64-017D-46F6-AEE7-961BDE224E4D}.Debug|x86.Build.0 = Debug|Any CPU
		{EE339F64-017D-46F6-AEE7-961BDE224E4D}.Release|Any CPU.ActiveCfg = Release|Any CPU
		{EE339F64-017D-46F6-AEE7-961BDE224E4D}.Release|Any CPU.Build.0 = Release|Any CPU
		{EE339F64-017D-46F6-AEE7-961BDE224E4D}.Release|x86.ActiveCfg = Release|Any CPU
		{EE339F64-017D-46F6-AEE7-961BDE224E4D}.Release|x86.Build.0 = Release|Any CPU
		{97990B0A-E740-49EE-B825-1001EC332775}.Debug|Any CPU.ActiveCfg = Debug|Any CPU
		{97990B0A-E740-49EE-B825-1001EC332775}.Debug|Any CPU.Build.0 = Debug|Any CPU
		{97990B0A-E740-49EE-B825-1001EC332775}.Debug|x86.ActiveCfg = Debug|Any CPU
		{97990B0A-E740-49EE-B825-1001EC332775}.Debug|x86.Build.0 = Debug|Any CPU
		{97990B0A-E740-49EE-B825-1001EC332775}.Release|Any CPU.ActiveCfg = Release|Any CPU
		{97990B0A-E740-49EE-B825-1001EC332775}.Release|Any CPU.Build.0 = Release|Any CPU
		{97990B0A-E740-49EE-B825-1001EC332775}.Release|x86.ActiveCfg = Release|Any CPU
		{97990B0A-E740-49EE-B825-1001EC332775}.Release|x86.Build.0 = Release|Any CPU
		{E8F38BFA-48C0-4B0D-AF70-CBBBD8EE009B}.Debug|Any CPU.ActiveCfg = Debug|Any CPU
		{E8F38BFA-48C0-4B0D-AF70-CBBBD8EE009B}.Debug|Any CPU.Build.0 = Debug|Any CPU
		{E8F38BFA-48C0-4B0D-AF70-CBBBD8EE009B}.Debug|x86.ActiveCfg = Debug|Any CPU
		{E8F38BFA-48C0-4B0D-AF70-CBBBD8EE009B}.Debug|x86.Build.0 = Debug|Any CPU
		{E8F38BFA-48C0-4B0D-AF70-CBBBD8EE009B}.Release|Any CPU.ActiveCfg = Release|Any CPU
		{E8F38BFA-48C0-4B0D-AF70-CBBBD8EE009B}.Release|Any CPU.Build.0 = Release|Any CPU
		{E8F38BFA-48C0-4B0D-AF70-CBBBD8EE009B}.Release|x86.ActiveCfg = Release|Any CPU
		{E8F38BFA-48C0-4B0D-AF70-CBBBD8EE009B}.Release|x86.Build.0 = Release|Any CPU
	EndGlobalSection
	GlobalSection(SolutionProperties) = preSolution
		HideSolutionNode = FALSE
	EndGlobalSection
	GlobalSection(NestedProjects) = preSolution
		{AB9C9CC0-DF62-4265-BE9C-94555960ADA4} = {795E29F9-D25D-4C60-9F1E-B5EB031F2FC9}
		{BFDA4940-5399-4634-9FF8-52A3732EDDB2} = {795E29F9-D25D-4C60-9F1E-B5EB031F2FC9}
		{8D7A3CC1-F1E3-4063-909E-53BBE68BCE65} = {FC70EADA-EC3B-4956-8EEB-FA9075F2D71B}
		{DB6FEC90-BC30-4DB8-BEF5-A1B9151AA25A} = {FC70EADA-EC3B-4956-8EEB-FA9075F2D71B}
		{DA3387A2-25BA-47AF-88B6-F26FA20BE13A} = {F39C27A7-688A-41BE-A145-F1C97D8EF22D}
		{6D4581DE-B642-447C-8E2D-8DEA3CC13B51} = {AB9C9CC0-DF62-4265-BE9C-94555960ADA4}
		{A134E959-E9C8-44F4-A78E-01C225895136} = {795E29F9-D25D-4C60-9F1E-B5EB031F2FC9}
		{5FBE1C06-F98B-4987-A951-4158E379B798} = {A134E959-E9C8-44F4-A78E-01C225895136}
		{56A9F719-BF5B-4449-91BE-B16297B8B86C} = {795E29F9-D25D-4C60-9F1E-B5EB031F2FC9}
		{3E3613A3-F626-4DC1-8534-278ED65DD8DE} = {03601DBE-54F5-4342-B34D-6042F4407114}
		{EE4DBF68-E603-43FA-AB7D-95AAF3DD2693} = {03601DBE-54F5-4342-B34D-6042F4407114}
		{D9042317-73AE-4F3B-96A4-D46C1E229166} = {03601DBE-54F5-4342-B34D-6042F4407114}
		{03601DBE-54F5-4342-B34D-6042F4407114} = {AB9C9CC0-DF62-4265-BE9C-94555960ADA4}
		{78D886BB-E87A-4A0F-A4C7-EEF34D74C5FE} = {FC70EADA-EC3B-4956-8EEB-FA9075F2D71B}
		{57977988-9468-462B-B970-46C83ACFFE52} = {56A9F719-BF5B-4449-91BE-B16297B8B86C}
		{E8BF93EE-B6ED-4FEA-9B2C-70B728B30EC4} = {BFDA4940-5399-4634-9FF8-52A3732EDDB2}
		{292E97AB-8738-4ED6-A619-426E2E648BFF} = {4CD52F33-3CB3-45A9-B9AB-2189D9954F11}
		{FC70EADA-EC3B-4956-8EEB-FA9075F2D71B} = {4CD52F33-3CB3-45A9-B9AB-2189D9954F11}
		{4F716C9B-CA03-43A7-970C-C7BA4F9E7324} = {FC70EADA-EC3B-4956-8EEB-FA9075F2D71B}
		{7A7EF1A2-A47E-4DD1-AE09-3FAB30CFCD30} = {292E97AB-8738-4ED6-A619-426E2E648BFF}
		{86C2FC6B-50D0-4544-8E96-79756B83A690} = {292E97AB-8738-4ED6-A619-426E2E648BFF}
		{EE339F64-017D-46F6-AEE7-961BDE224E4D} = {292E97AB-8738-4ED6-A619-426E2E648BFF}
		{97990B0A-E740-49EE-B825-1001EC332775} = {292E97AB-8738-4ED6-A619-426E2E648BFF}
		{F39C27A7-688A-41BE-A145-F1C97D8EF22D} = {4CD52F33-3CB3-45A9-B9AB-2189D9954F11}
		{E8F38BFA-48C0-4B0D-AF70-CBBBD8EE009B} = {B62A9E2D-3D3F-4E46-83E3-4DA97A809D7F}
	EndGlobalSection
	GlobalSection(ExtensibilityGlobals) = postSolution
		SolutionGuid = {6F7C4828-DCA5-4747-98E6-EBC0C1D2AB62}
	EndGlobalSection
EndGlobal
