
Microsoft Visual Studio Solution File, Format Version 12.00
# Visual Studio Version 17
VisualStudioVersion = 17.0.32014.148
MinimumVisualStudioVersion = 10.0.40219.1
Project("{9A19103F-16F7-4668-BE54-9A1E7A4F7556}") = "Pruebas", "Pruebas\Pruebas.csproj", "{21D9C52B-399C-4E87-AAA6-35477371FD5E}"
EndProject
Project("{9A19103F-16F7-4668-BE54-9A1E7A4F7556}") = "WebScraping", "WebScraping\WebScraping.csproj", "{9C3D53EE-4039-45AF-8D93-1EBA98877254}"
EndProject
Project("{2150E333-8FDC-42A3-9474-1A3956D46DE8}") = "Source", "Source", "{5FDC7848-1E27-4607-A8F8-8E88F37DDAC2}"
EndProject
Project("{2150E333-8FDC-42A3-9474-1A3956D46DE8}") = "Core", "Core", "{B50251AC-C0BA-4F83-A407-F3876044CD60}"
EndProject
Project("{2150E333-8FDC-42A3-9474-1A3956D46DE8}") = "Infrastructure", "Infrastructure", "{AB9C9CC0-DF62-4265-BE9C-94555960ADA4}"
EndProject
Project("{2150E333-8FDC-42A3-9474-1A3956D46DE8}") = "Application", "Application", "{BFDA4940-5399-4634-9FF8-52A3732EDDB2}"
EndProject
Project("{9A19103F-16F7-4668-BE54-9A1E7A4F7556}") = "WebScraping.Core.Domain", "WebScraping.Core.Domain\WebScraping.Core.Domain.csproj", "{9318593C-223B-415A-9C76-254F082813B0}"
EndProject
Project("{9A19103F-16F7-4668-BE54-9A1E7A4F7556}") = "WebScraping.Core.Application", "WebScraping.Core.Application\WebScraping.Core.Application.csproj", "{C2BF9F63-010C-42CC-8A93-1AE0BA813C2C}"
EndProject
Project("{9A19103F-16F7-4668-BE54-9A1E7A4F7556}") = "WebScraping.Infrastructure.Persistence", "WebScraping.Intrastructure.Persistence\WebScraping.Infrastructure.Persistence.csproj", "{E807A0E1-C0B6-4888-8A00-96248D0E92F3}"
EndProject
Project("{9A19103F-16F7-4668-BE54-9A1E7A4F7556}") = "WebScraping.Infrastructure.Identity", "WebScraping.Intrastructure.Identity\WebScraping.Infrastructure.Identity.csproj", "{DF64473F-6E5A-4751-9051-92B5A943C0A5}"
EndProject
Project("{9A19103F-16F7-4668-BE54-9A1E7A4F7556}") = "WebApi", "WebApplication\WebApi.csproj", "{01C92410-9791-4EE8-9E56-F756FAA7F156}"
EndProject
Project("{54A90642-561A-4BB1-A94E-469ADEE60C69}") = "FrontEnd", "Font End\FrontEnd.esproj", "{4E8AB922-7AAD-494A-8823-F5FCCEF90DAE}"
EndProject
Project("{FAE04EC0-301F-11D3-BF4B-00C04F79EFBC}") = "WebScraping.Infrastructure.Shared", "WebScraping.Intrastructure.Shared\WebScraping.Infrastructure.Shared.csproj", "{53E8798B-6DAA-4997-A02D-376C9ED5CD05}"
EndProject
Global
	GlobalSection(SolutionConfigurationPlatforms) = preSolution
		Debug|Any CPU = Debug|Any CPU
		Release|Any CPU = Release|Any CPU
	EndGlobalSection
	GlobalSection(ProjectConfigurationPlatforms) = postSolution
		{21D9C52B-399C-4E87-AAA6-35477371FD5E}.Debug|Any CPU.ActiveCfg = Debug|Any CPU
		{21D9C52B-399C-4E87-AAA6-35477371FD5E}.Debug|Any CPU.Build.0 = Debug|Any CPU
		{21D9C52B-399C-4E87-AAA6-35477371FD5E}.Release|Any CPU.ActiveCfg = Release|Any CPU
		{21D9C52B-399C-4E87-AAA6-35477371FD5E}.Release|Any CPU.Build.0 = Release|Any CPU
		{9C3D53EE-4039-45AF-8D93-1EBA98877254}.Debug|Any CPU.ActiveCfg = Debug|Any CPU
		{9C3D53EE-4039-45AF-8D93-1EBA98877254}.Debug|Any CPU.Build.0 = Debug|Any CPU
		{9C3D53EE-4039-45AF-8D93-1EBA98877254}.Release|Any CPU.ActiveCfg = Release|Any CPU
		{9C3D53EE-4039-45AF-8D93-1EBA98877254}.Release|Any CPU.Build.0 = Release|Any CPU
		{9318593C-223B-415A-9C76-254F082813B0}.Debug|Any CPU.ActiveCfg = Debug|Any CPU
		{9318593C-223B-415A-9C76-254F082813B0}.Debug|Any CPU.Build.0 = Debug|Any CPU
		{9318593C-223B-415A-9C76-254F082813B0}.Release|Any CPU.ActiveCfg = Release|Any CPU
		{9318593C-223B-415A-9C76-254F082813B0}.Release|Any CPU.Build.0 = Release|Any CPU
		{C2BF9F63-010C-42CC-8A93-1AE0BA813C2C}.Debug|Any CPU.ActiveCfg = Debug|Any CPU
		{C2BF9F63-010C-42CC-8A93-1AE0BA813C2C}.Debug|Any CPU.Build.0 = Debug|Any CPU
		{C2BF9F63-010C-42CC-8A93-1AE0BA813C2C}.Release|Any CPU.ActiveCfg = Release|Any CPU
		{C2BF9F63-010C-42CC-8A93-1AE0BA813C2C}.Release|Any CPU.Build.0 = Release|Any CPU
		{E807A0E1-C0B6-4888-8A00-96248D0E92F3}.Debug|Any CPU.ActiveCfg = Debug|Any CPU
		{E807A0E1-C0B6-4888-8A00-96248D0E92F3}.Debug|Any CPU.Build.0 = Debug|Any CPU
		{E807A0E1-C0B6-4888-8A00-96248D0E92F3}.Release|Any CPU.ActiveCfg = Release|Any CPU
		{E807A0E1-C0B6-4888-8A00-96248D0E92F3}.Release|Any CPU.Build.0 = Release|Any CPU
		{DF64473F-6E5A-4751-9051-92B5A943C0A5}.Debug|Any CPU.ActiveCfg = Debug|Any CPU
		{DF64473F-6E5A-4751-9051-92B5A943C0A5}.Debug|Any CPU.Build.0 = Debug|Any CPU
		{DF64473F-6E5A-4751-9051-92B5A943C0A5}.Release|Any CPU.ActiveCfg = Release|Any CPU
		{DF64473F-6E5A-4751-9051-92B5A943C0A5}.Release|Any CPU.Build.0 = Release|Any CPU
		{01C92410-9791-4EE8-9E56-F756FAA7F156}.Debug|Any CPU.ActiveCfg = Debug|Any CPU
		{01C92410-9791-4EE8-9E56-F756FAA7F156}.Debug|Any CPU.Build.0 = Debug|Any CPU
		{01C92410-9791-4EE8-9E56-F756FAA7F156}.Release|Any CPU.ActiveCfg = Release|Any CPU
		{01C92410-9791-4EE8-9E56-F756FAA7F156}.Release|Any CPU.Build.0 = Release|Any CPU
		{4E8AB922-7AAD-494A-8823-F5FCCEF90DAE}.Debug|Any CPU.ActiveCfg = Debug|Any CPU
		{4E8AB922-7AAD-494A-8823-F5FCCEF90DAE}.Debug|Any CPU.Build.0 = Debug|Any CPU
		{4E8AB922-7AAD-494A-8823-F5FCCEF90DAE}.Debug|Any CPU.Deploy.0 = Debug|Any CPU
		{4E8AB922-7AAD-494A-8823-F5FCCEF90DAE}.Release|Any CPU.ActiveCfg = Release|Any CPU
		{4E8AB922-7AAD-494A-8823-F5FCCEF90DAE}.Release|Any CPU.Build.0 = Release|Any CPU
		{4E8AB922-7AAD-494A-8823-F5FCCEF90DAE}.Release|Any CPU.Deploy.0 = Release|Any CPU
		{53E8798B-6DAA-4997-A02D-376C9ED5CD05}.Debug|Any CPU.ActiveCfg = Debug|Any CPU
		{53E8798B-6DAA-4997-A02D-376C9ED5CD05}.Debug|Any CPU.Build.0 = Debug|Any CPU
		{53E8798B-6DAA-4997-A02D-376C9ED5CD05}.Release|Any CPU.ActiveCfg = Release|Any CPU
		{53E8798B-6DAA-4997-A02D-376C9ED5CD05}.Release|Any CPU.Build.0 = Release|Any CPU
	EndGlobalSection
	GlobalSection(SolutionProperties) = preSolution
		HideSolutionNode = FALSE
	EndGlobalSection
	GlobalSection(NestedProjects) = preSolution
		{9C3D53EE-4039-45AF-8D93-1EBA98877254} = {BFDA4940-5399-4634-9FF8-52A3732EDDB2}
		{B50251AC-C0BA-4F83-A407-F3876044CD60} = {5FDC7848-1E27-4607-A8F8-8E88F37DDAC2}
		{AB9C9CC0-DF62-4265-BE9C-94555960ADA4} = {5FDC7848-1E27-4607-A8F8-8E88F37DDAC2}
		{BFDA4940-5399-4634-9FF8-52A3732EDDB2} = {5FDC7848-1E27-4607-A8F8-8E88F37DDAC2}
		{9318593C-223B-415A-9C76-254F082813B0} = {B50251AC-C0BA-4F83-A407-F3876044CD60}
		{C2BF9F63-010C-42CC-8A93-1AE0BA813C2C} = {B50251AC-C0BA-4F83-A407-F3876044CD60}
		{E807A0E1-C0B6-4888-8A00-96248D0E92F3} = {AB9C9CC0-DF62-4265-BE9C-94555960ADA4}
		{DF64473F-6E5A-4751-9051-92B5A943C0A5} = {AB9C9CC0-DF62-4265-BE9C-94555960ADA4}
		{01C92410-9791-4EE8-9E56-F756FAA7F156} = {BFDA4940-5399-4634-9FF8-52A3732EDDB2}
		{4E8AB922-7AAD-494A-8823-F5FCCEF90DAE} = {BFDA4940-5399-4634-9FF8-52A3732EDDB2}
		{53E8798B-6DAA-4997-A02D-376C9ED5CD05} = {AB9C9CC0-DF62-4265-BE9C-94555960ADA4}
	EndGlobalSection
	GlobalSection(ExtensibilityGlobals) = postSolution
		SolutionGuid = {6F7C4828-DCA5-4747-98E6-EBC0C1D2AB62}
	EndGlobalSection
EndGlobal
